
Microsoft Visual Studio Solution File, Format Version 12.00
# Visual Studio Version 17
VisualStudioVersion = 17.9.34728.123
MinimumVisualStudioVersion = 10.0.40219.1
Project("{8BC9CEB8-8B4A-11D0-8D11-00A0C91BC942}") = "rk-mouse-cpp", "rk-mouse-cpp\rk-mouse-cpp.vcxproj", "{FD071ADF-B9C2-4242-B3DE-D0FCD7E17A10}"
EndProject
Project("{8BC9CEB8-8B4A-11D0-8D11-00A0C91BC942}") = "rk-mouse-ether", "rk-mouse-ether\rk-mouse-ether.vcxproj", "{71235350-7147-44FB-8B3E-A1646CEAB4D3}"
EndProject
Project("{9A19103F-16F7-4668-BE54-9A1E7A4F7556}") = "rk-mouse-cs", "rk-mouse-cs\rk-mouse-cs.csproj", "{4907AF41-97F7-496E-A8F5-0624C937E604}"
EndProject
Project("{8BC9CEB8-8B4A-11D0-8D11-00A0C91BC942}") = "rk-usb-debugger", "rk-usb-debugger\rk-usb-debugger.vcxproj", "{8608BD69-4DFD-4A6C-943F-FD65CC799B5D}"
EndProject
Project("{8BC9CEB8-8B4A-11D0-8D11-00A0C91BC942}") = "firmware", "firmware\firmware.vcxproj", "{2CF74AD7-CB46-45E0-BFFA-5968DBD94049}"
EndProject
Global
	GlobalSection(SolutionConfigurationPlatforms) = preSolution
		Debug|Any CPU = Debug|Any CPU
		Debug|ARM = Debug|ARM
		Debug|ARM64 = Debug|ARM64
		Debug|x64 = Debug|x64
		Debug|x86 = Debug|x86
		Release|Any CPU = Release|Any CPU
		Release|ARM = Release|ARM
		Release|ARM64 = Release|ARM64
		Release|x64 = Release|x64
		Release|x86 = Release|x86
	EndGlobalSection
	GlobalSection(ProjectConfigurationPlatforms) = postSolution
		{FD071ADF-B9C2-4242-B3DE-D0FCD7E17A10}.Debug|Any CPU.ActiveCfg = Debug|x64
		{FD071ADF-B9C2-4242-B3DE-D0FCD7E17A10}.Debug|Any CPU.Build.0 = Debug|x64
		{FD071ADF-B9C2-4242-B3DE-D0FCD7E17A10}.Debug|ARM.ActiveCfg = Debug|x64
		{FD071ADF-B9C2-4242-B3DE-D0FCD7E17A10}.Debug|ARM.Build.0 = Debug|x64
		{FD071ADF-B9C2-4242-B3DE-D0FCD7E17A10}.Debug|ARM64.ActiveCfg = Debug|x64
		{FD071ADF-B9C2-4242-B3DE-D0FCD7E17A10}.Debug|ARM64.Build.0 = Debug|x64
		{FD071ADF-B9C2-4242-B3DE-D0FCD7E17A10}.Debug|x64.ActiveCfg = Debug|x64
		{FD071ADF-B9C2-4242-B3DE-D0FCD7E17A10}.Debug|x64.Build.0 = Debug|x64
		{FD071ADF-B9C2-4242-B3DE-D0FCD7E17A10}.Debug|x86.ActiveCfg = Debug|Win32
		{FD071ADF-B9C2-4242-B3DE-D0FCD7E17A10}.Debug|x86.Build.0 = Debug|Win32
		{FD071ADF-B9C2-4242-B3DE-D0FCD7E17A10}.Release|Any CPU.ActiveCfg = Release|x64
		{FD071ADF-B9C2-4242-B3DE-D0FCD7E17A10}.Release|Any CPU.Build.0 = Release|x64
		{FD071ADF-B9C2-4242-B3DE-D0FCD7E17A10}.Release|ARM.ActiveCfg = Release|x64
		{FD071ADF-B9C2-4242-B3DE-D0FCD7E17A10}.Release|ARM.Build.0 = Release|x64
		{FD071ADF-B9C2-4242-B3DE-D0FCD7E17A10}.Release|ARM64.ActiveCfg = Release|x64
		{FD071ADF-B9C2-4242-B3DE-D0FCD7E17A10}.Release|ARM64.Build.0 = Release|x64
		{FD071ADF-B9C2-4242-B3DE-D0FCD7E17A10}.Release|x64.ActiveCfg = Release|x64
		{FD071ADF-B9C2-4242-B3DE-D0FCD7E17A10}.Release|x64.Build.0 = Release|x64
		{FD071ADF-B9C2-4242-B3DE-D0FCD7E17A10}.Release|x86.ActiveCfg = Release|Win32
		{FD071ADF-B9C2-4242-B3DE-D0FCD7E17A10}.Release|x86.Build.0 = Release|Win32
		{71235350-7147-44FB-8B3E-A1646CEAB4D3}.Debug|Any CPU.ActiveCfg = Debug|x64
		{71235350-7147-44FB-8B3E-A1646CEAB4D3}.Debug|Any CPU.Build.0 = Debug|x64
		{71235350-7147-44FB-8B3E-A1646CEAB4D3}.Debug|ARM.ActiveCfg = Debug|x64
		{71235350-7147-44FB-8B3E-A1646CEAB4D3}.Debug|ARM.Build.0 = Debug|x64
		{71235350-7147-44FB-8B3E-A1646CEAB4D3}.Debug|ARM64.ActiveCfg = Debug|x64
		{71235350-7147-44FB-8B3E-A1646CEAB4D3}.Debug|ARM64.Build.0 = Debug|x64
		{71235350-7147-44FB-8B3E-A1646CEAB4D3}.Debug|x64.ActiveCfg = Debug|x64
		{71235350-7147-44FB-8B3E-A1646CEAB4D3}.Debug|x64.Build.0 = Debug|x64
		{71235350-7147-44FB-8B3E-A1646CEAB4D3}.Debug|x86.ActiveCfg = Debug|Win32
		{71235350-7147-44FB-8B3E-A1646CEAB4D3}.Debug|x86.Build.0 = Debug|Win32
		{71235350-7147-44FB-8B3E-A1646CEAB4D3}.Release|Any CPU.ActiveCfg = Release|x64
		{71235350-7147-44FB-8B3E-A1646CEAB4D3}.Release|Any CPU.Build.0 = Release|x64
		{71235350-7147-44FB-8B3E-A1646CEAB4D3}.Release|ARM.ActiveCfg = Release|x64
		{71235350-7147-44FB-8B3E-A1646CEAB4D3}.Release|ARM.Build.0 = Release|x64
		{71235350-7147-44FB-8B3E-A1646CEAB4D3}.Release|ARM64.ActiveCfg = Release|x64
		{71235350-7147-44FB-8B3E-A1646CEAB4D3}.Release|ARM64.Build.0 = Release|x64
		{71235350-7147-44FB-8B3E-A1646CEAB4D3}.Release|x64.ActiveCfg = Release|x64
		{71235350-7147-44FB-8B3E-A1646CEAB4D3}.Release|x64.Build.0 = Release|x64
		{71235350-7147-44FB-8B3E-A1646CEAB4D3}.Release|x86.ActiveCfg = Release|Win32
		{71235350-7147-44FB-8B3E-A1646CEAB4D3}.Release|x86.Build.0 = Release|Win32
		{4907AF41-97F7-496E-A8F5-0624C937E604}.Debug|Any CPU.ActiveCfg = Debug|Any CPU
		{4907AF41-97F7-496E-A8F5-0624C937E604}.Debug|Any CPU.Build.0 = Debug|Any CPU
		{4907AF41-97F7-496E-A8F5-0624C937E604}.Debug|ARM.ActiveCfg = Debug|Any CPU
		{4907AF41-97F7-496E-A8F5-0624C937E604}.Debug|ARM.Build.0 = Debug|Any CPU
		{4907AF41-97F7-496E-A8F5-0624C937E604}.Debug|ARM64.ActiveCfg = Debug|Any CPU
		{4907AF41-97F7-496E-A8F5-0624C937E604}.Debug|ARM64.Build.0 = Debug|Any CPU
		{4907AF41-97F7-496E-A8F5-0624C937E604}.Debug|x64.ActiveCfg = Debug|Any CPU
		{4907AF41-97F7-496E-A8F5-0624C937E604}.Debug|x64.Build.0 = Debug|Any CPU
		{4907AF41-97F7-496E-A8F5-0624C937E604}.Debug|x86.ActiveCfg = Debug|Any CPU
		{4907AF41-97F7-496E-A8F5-0624C937E604}.Debug|x86.Build.0 = Debug|Any CPU
		{4907AF41-97F7-496E-A8F5-0624C937E604}.Release|Any CPU.ActiveCfg = Release|Any CPU
		{4907AF41-97F7-496E-A8F5-0624C937E604}.Release|Any CPU.Build.0 = Release|Any CPU
		{4907AF41-97F7-496E-A8F5-0624C937E604}.Release|ARM.ActiveCfg = Release|Any CPU
		{4907AF41-97F7-496E-A8F5-0624C937E604}.Release|ARM.Build.0 = Release|Any CPU
		{4907AF41-97F7-496E-A8F5-0624C937E604}.Release|ARM64.ActiveCfg = Release|Any CPU
		{4907AF41-97F7-496E-A8F5-0624C937E604}.Release|ARM64.Build.0 = Release|Any CPU
		{4907AF41-97F7-496E-A8F5-0624C937E604}.Release|x64.ActiveCfg = Release|Any CPU
		{4907AF41-97F7-496E-A8F5-0624C937E604}.Release|x64.Build.0 = Release|Any CPU
		{4907AF41-97F7-496E-A8F5-0624C937E604}.Release|x86.ActiveCfg = Release|Any CPU
		{4907AF41-97F7-496E-A8F5-0624C937E604}.Release|x86.Build.0 = Release|Any CPU
		{8608BD69-4DFD-4A6C-943F-FD65CC799B5D}.Debug|Any CPU.ActiveCfg = Debug|x64
		{8608BD69-4DFD-4A6C-943F-FD65CC799B5D}.Debug|Any CPU.Build.0 = Debug|x64
		{8608BD69-4DFD-4A6C-943F-FD65CC799B5D}.Debug|ARM.ActiveCfg = Debug|x64
		{8608BD69-4DFD-4A6C-943F-FD65CC799B5D}.Debug|ARM.Build.0 = Debug|x64
		{8608BD69-4DFD-4A6C-943F-FD65CC799B5D}.Debug|ARM64.ActiveCfg = Debug|x64
		{8608BD69-4DFD-4A6C-943F-FD65CC799B5D}.Debug|ARM64.Build.0 = Debug|x64
		{8608BD69-4DFD-4A6C-943F-FD65CC799B5D}.Debug|x64.ActiveCfg = Debug|x64
		{8608BD69-4DFD-4A6C-943F-FD65CC799B5D}.Debug|x64.Build.0 = Debug|x64
		{8608BD69-4DFD-4A6C-943F-FD65CC799B5D}.Debug|x86.ActiveCfg = Debug|Win32
		{8608BD69-4DFD-4A6C-943F-FD65CC799B5D}.Debug|x86.Build.0 = Debug|Win32
		{8608BD69-4DFD-4A6C-943F-FD65CC799B5D}.Release|Any CPU.ActiveCfg = Release|x64
		{8608BD69-4DFD-4A6C-943F-FD65CC799B5D}.Release|Any CPU.Build.0 = Release|x64
		{8608BD69-4DFD-4A6C-943F-FD65CC799B5D}.Release|ARM.ActiveCfg = Release|x64
		{8608BD69-4DFD-4A6C-943F-FD65CC799B5D}.Release|ARM.Build.0 = Release|x64
		{8608BD69-4DFD-4A6C-943F-FD65CC799B5D}.Release|ARM64.ActiveCfg = Release|x64
		{8608BD69-4DFD-4A6C-943F-FD65CC799B5D}.Release|ARM64.Build.0 = Release|x64
		{8608BD69-4DFD-4A6C-943F-FD65CC799B5D}.Release|x64.ActiveCfg = Release|x64
		{8608BD69-4DFD-4A6C-943F-FD65CC799B5D}.Release|x64.Build.0 = Release|x64
		{8608BD69-4DFD-4A6C-943F-FD65CC799B5D}.Release|x86.ActiveCfg = Release|Win32
		{8608BD69-4DFD-4A6C-943F-FD65CC799B5D}.Release|x86.Build.0 = Release|Win32
		{2CF74AD7-CB46-45E0-BFFA-5968DBD94049}.Debug|Any CPU.ActiveCfg = Debug|x64
		{2CF74AD7-CB46-45E0-BFFA-5968DBD94049}.Debug|Any CPU.Build.0 = Debug|x64
		{2CF74AD7-CB46-45E0-BFFA-5968DBD94049}.Debug|Any CPU.Deploy.0 = Debug|x64
		{2CF74AD7-CB46-45E0-BFFA-5968DBD94049}.Debug|ARM.ActiveCfg = Debug|ARM
		{2CF74AD7-CB46-45E0-BFFA-5968DBD94049}.Debug|ARM.Build.0 = Debug|ARM
		{2CF74AD7-CB46-45E0-BFFA-5968DBD94049}.Debug|ARM.Deploy.0 = Debug|ARM
		{2CF74AD7-CB46-45E0-BFFA-5968DBD94049}.Debug|ARM64.ActiveCfg = Debug|ARM64
		{2CF74AD7-CB46-45E0-BFFA-5968DBD94049}.Debug|ARM64.Build.0 = Debug|ARM64
		{2CF74AD7-CB46-45E0-BFFA-5968DBD94049}.Debug|ARM64.Deploy.0 = Debug|ARM64
		{2CF74AD7-CB46-45E0-BFFA-5968DBD94049}.Debug|x64.ActiveCfg = Debug|x64
		{2CF74AD7-CB46-45E0-BFFA-5968DBD94049}.Debug|x64.Build.0 = Debug|x64
		{2CF74AD7-CB46-45E0-BFFA-5968DBD94049}.Debug|x64.Deploy.0 = Debug|x64
		{2CF74AD7-CB46-45E0-BFFA-5968DBD94049}.Debug|x86.ActiveCfg = Debug|x86
		{2CF74AD7-CB46-45E0-BFFA-5968DBD94049}.Debug|x86.Build.0 = Debug|x86
		{2CF74AD7-CB46-45E0-BFFA-5968DBD94049}.Debug|x86.Deploy.0 = Debug|x86
		{2CF74AD7-CB46-45E0-BFFA-5968DBD94049}.Release|Any CPU.ActiveCfg = Release|x64
		{2CF74AD7-CB46-45E0-BFFA-5968DBD94049}.Release|Any CPU.Build.0 = Release|x64
		{2CF74AD7-CB46-45E0-BFFA-5968DBD94049}.Release|Any CPU.Deploy.0 = Release|x64
		{2CF74AD7-CB46-45E0-BFFA-5968DBD94049}.Release|ARM.ActiveCfg = Release|ARM
		{2CF74AD7-CB46-45E0-BFFA-5968DBD94049}.Release|ARM.Build.0 = Release|ARM
		{2CF74AD7-CB46-45E0-BFFA-5968DBD94049}.Release|ARM.Deploy.0 = Release|ARM
		{2CF74AD7-CB46-45E0-BFFA-5968DBD94049}.Release|ARM64.ActiveCfg = Release|ARM64
		{2CF74AD7-CB46-45E0-BFFA-5968DBD94049}.Release|ARM64.Build.0 = Release|ARM64
		{2CF74AD7-CB46-45E0-BFFA-5968DBD94049}.Release|ARM64.Deploy.0 = Release|ARM64
		{2CF74AD7-CB46-45E0-BFFA-5968DBD94049}.Release|x64.ActiveCfg = Release|x64
		{2CF74AD7-CB46-45E0-BFFA-5968DBD94049}.Release|x64.Build.0 = Release|x64
		{2CF74AD7-CB46-45E0-BFFA-5968DBD94049}.Release|x64.Deploy.0 = Release|x64
		{2CF74AD7-CB46-45E0-BFFA-5968DBD94049}.Release|x86.ActiveCfg = Release|x86
		{2CF74AD7-CB46-45E0-BFFA-5968DBD94049}.Release|x86.Build.0 = Release|x86
		{2CF74AD7-CB46-45E0-BFFA-5968DBD94049}.Release|x86.Deploy.0 = Release|x86
	EndGlobalSection
	GlobalSection(SolutionProperties) = preSolution
		HideSolutionNode = FALSE
	EndGlobalSection
	GlobalSection(ExtensibilityGlobals) = postSolution
		SolutionGuid = {D595489E-55F7-4587-87E5-E4D5E374167D}
	EndGlobalSection
EndGlobal
